
Microsoft Visual Studio Solution File, Format Version 12.00
# Visual Studio 15
VisualStudioVersion = 15.0.28010.2016
MinimumVisualStudioVersion = 10.0.40219.1
Project("{FAE04EC0-301F-11D3-BF4B-00C04F79EFBC}") = "BalanceSheetWpf", "BalanceSheetWpf\BalanceSheetWpf.csproj", "{46359600-B961-46EF-81B0-39B192C684B9}"
EndProject
Global
	GlobalSection(SolutionConfigurationPlatforms) = preSolution
		Debug|Any CPU = Debug|Any CPU
		Release|Any CPU = Release|Any CPU
	EndGlobalSection
	GlobalSection(ProjectConfigurationPlatforms) = postSolution
		{46359600-B961-46EF-81B0-39B192C684B9}.Debug|Any CPU.ActiveCfg = Debug|Any CPU
		{46359600-B961-46EF-81B0-39B192C684B9}.Debug|Any CPU.Build.0 = Debug|Any CPU
		{46359600-B961-46EF-81B0-39B192C684B9}.Release|Any CPU.ActiveCfg = Release|Any CPU
		{46359600-B961-46EF-81B0-39B192C684B9}.Release|Any CPU.Build.0 = Release|Any CPU
	EndGlobalSection
	GlobalSection(SolutionProperties) = preSolution
		HideSolutionNode = FALSE
	EndGlobalSection
	GlobalSection(ExtensibilityGlobals) = postSolution
		SolutionGuid = {35A9BF30-FFB2-437F-8DF6-5187B965B79C}
	EndGlobalSection
EndGlobal
